
Microsoft Visual Studio Solution File, Format Version 12.00
# Visual Studio 15
VisualStudioVersion = 15.0.28010.2046
MinimumVisualStudioVersion = 10.0.40219.1
Project("{FAE04EC0-301F-11D3-BF4B-00C04F79EFBC}") = "CS322 DB interface", "CS322 DB interface\CS322 DB interface.csproj", "{35C83870-9D1C-426D-9BD9-A318CA52D12A}"
EndProject
Global
	GlobalSection(SolutionConfigurationPlatforms) = preSolution
		Debug|Any CPU = Debug|Any CPU
		Release|Any CPU = Release|Any CPU
	EndGlobalSection
	GlobalSection(ProjectConfigurationPlatforms) = postSolution
		{35C83870-9D1C-426D-9BD9-A318CA52D12A}.Debug|Any CPU.ActiveCfg = Debug|Any CPU
		{35C83870-9D1C-426D-9BD9-A318CA52D12A}.Debug|Any CPU.Build.0 = Debug|Any CPU
		{35C83870-9D1C-426D-9BD9-A318CA52D12A}.Release|Any CPU.ActiveCfg = Release|Any CPU
		{35C83870-9D1C-426D-9BD9-A318CA52D12A}.Release|Any CPU.Build.0 = Release|Any CPU
	EndGlobalSection
	GlobalSection(SolutionProperties) = preSolution
		HideSolutionNode = FALSE
	EndGlobalSection
	GlobalSection(ExtensibilityGlobals) = postSolution
		SolutionGuid = {A11B3194-1899-4F77-B050-996B0CC8B817}
	EndGlobalSection
EndGlobal
